
Microsoft Visual Studio Solution File, Format Version 12.00
# Visual Studio Version 17
VisualStudioVersion = 17.2.32630.192
MinimumVisualStudioVersion = 10.0.40219.1
Project("{9A19103F-16F7-4668-BE54-9A1E7A4F7556}") = "Assignment", "Assignment\Assignment.csproj", "{335B9DDB-A34C-4176-B269-505A6D832A45}"
EndProject
Project("{FAE04EC0-301F-11D3-BF4B-00C04F79EFBC}") = "TestAssignment", "TestAssignment\TestAssignment.csproj", "{4E8AF1E7-CADE-433F-B478-96AFFBF969E7}"
EndProject
Global
	GlobalSection(SolutionConfigurationPlatforms) = preSolution
		Debug|Any CPU = Debug|Any CPU
		Release|Any CPU = Release|Any CPU
	EndGlobalSection
	GlobalSection(ProjectConfigurationPlatforms) = postSolution
		{335B9DDB-A34C-4176-B269-505A6D832A45}.Debug|Any CPU.ActiveCfg = Debug|Any CPU
		{335B9DDB-A34C-4176-B269-505A6D832A45}.Debug|Any CPU.Build.0 = Debug|Any CPU
		{335B9DDB-A34C-4176-B269-505A6D832A45}.Release|Any CPU.ActiveCfg = Release|Any CPU
		{335B9DDB-A34C-4176-B269-505A6D832A45}.Release|Any CPU.Build.0 = Release|Any CPU
		{4E8AF1E7-CADE-433F-B478-96AFFBF969E7}.Debug|Any CPU.ActiveCfg = Debug|Any CPU
		{4E8AF1E7-CADE-433F-B478-96AFFBF969E7}.Debug|Any CPU.Build.0 = Debug|Any CPU
		{4E8AF1E7-CADE-433F-B478-96AFFBF969E7}.Release|Any CPU.ActiveCfg = Release|Any CPU
		{4E8AF1E7-CADE-433F-B478-96AFFBF969E7}.Release|Any CPU.Build.0 = Release|Any CPU
	EndGlobalSection
	GlobalSection(SolutionProperties) = preSolution
		HideSolutionNode = FALSE
	EndGlobalSection
	GlobalSection(ExtensibilityGlobals) = postSolution
		SolutionGuid = {42DAC8F1-2F6B-41FD-BF1A-2E8022E6414E}
	EndGlobalSection
EndGlobal
